// !$*UTF8*$!
{
	archiveVersion = 1;
	classes = {
	};
	objectVersion = 56;
	objects = {

/* Begin PBXBuildFile section */
		2A37A92C2ABF3345009C64CE /* CanvasView.swift in Sources */ = {isa = PBXBuildFile; fileRef = 2A37A92B2ABF3345009C64CE /* CanvasView.swift */; };
		2A37A92E2ABF36FB009C64CE /* OnBoardingView.swift in Sources */ = {isa = PBXBuildFile; fileRef = 2A37A92D2ABF36FB009C64CE /* OnBoardingView.swift */; };
		2A37A9302ABF39BC009C64CE /* NoContentView.swift in Sources */ = {isa = PBXBuildFile; fileRef = 2A37A92F2ABF39BC009C64CE /* NoContentView.swift */; };
		2A49687E2ABDCAB500DBC58B /* ComponentView.swift in Sources */ = {isa = PBXBuildFile; fileRef = 2A49687D2ABDCAB500DBC58B /* ComponentView.swift */; };
		2A4968802ABDD81D00DBC58B /* SettingsView.swift in Sources */ = {isa = PBXBuildFile; fileRef = 2A49687F2ABDD81D00DBC58B /* SettingsView.swift */; };
		2A9AFE562ABB376100A77A2C /* SpiceApp.swift in Sources */ = {isa = PBXBuildFile; fileRef = 2A9AFE552ABB376100A77A2C /* SpiceApp.swift */; };
		2A9AFE582ABB376100A77A2C /* ContentView.swift in Sources */ = {isa = PBXBuildFile; fileRef = 2A9AFE572ABB376100A77A2C /* ContentView.swift */; };
		2A9AFE5C2ABB376200A77A2C /* Assets.xcassets in Resources */ = {isa = PBXBuildFile; fileRef = 2A9AFE5B2ABB376200A77A2C /* Assets.xcassets */; };
		2A9AFE5F2ABB376200A77A2C /* Preview Assets.xcassets in Resources */ = {isa = PBXBuildFile; fileRef = 2A9AFE5E2ABB376200A77A2C /* Preview Assets.xcassets */; };
		2A9AFE672ABB499500A77A2C /* Localizable.xcstrings in Resources */ = {isa = PBXBuildFile; fileRef = 2A9AFE662ABB499500A77A2C /* Localizable.xcstrings */; };
		2A9AFE6A2ABB79BF00A77A2C /* Shapes.swift in Sources */ = {isa = PBXBuildFile; fileRef = 2A9AFE692ABB79BF00A77A2C /* Shapes.swift */; };
/* End PBXBuildFile section */

/* Begin PBXFileReference section */
		2A37A92B2ABF3345009C64CE /* CanvasView.swift */ = {isa = PBXFileReference; lastKnownFileType = sourcecode.swift; path = CanvasView.swift; sourceTree = "<group>"; };
		2A37A92D2ABF36FB009C64CE /* OnBoardingView.swift */ = {isa = PBXFileReference; lastKnownFileType = sourcecode.swift; path = OnBoardingView.swift; sourceTree = "<group>"; };
		2A37A92F2ABF39BC009C64CE /* NoContentView.swift */ = {isa = PBXFileReference; lastKnownFileType = sourcecode.swift; path = NoContentView.swift; sourceTree = "<group>"; };
		2A49687D2ABDCAB500DBC58B /* ComponentView.swift */ = {isa = PBXFileReference; lastKnownFileType = sourcecode.swift; path = ComponentView.swift; sourceTree = "<group>"; };
		2A49687F2ABDD81D00DBC58B /* SettingsView.swift */ = {isa = PBXFileReference; lastKnownFileType = sourcecode.swift; path = SettingsView.swift; sourceTree = "<group>"; };
		2A9AFE522ABB376100A77A2C /* Spice.app */ = {isa = PBXFileReference; explicitFileType = wrapper.application; includeInIndex = 0; path = Spice.app; sourceTree = BUILT_PRODUCTS_DIR; };
		2A9AFE552ABB376100A77A2C /* SpiceApp.swift */ = {isa = PBXFileReference; lastKnownFileType = sourcecode.swift; path = SpiceApp.swift; sourceTree = "<group>"; };
		2A9AFE572ABB376100A77A2C /* ContentView.swift */ = {isa = PBXFileReference; lastKnownFileType = sourcecode.swift; path = ContentView.swift; sourceTree = "<group>"; };
		2A9AFE5B2ABB376200A77A2C /* Assets.xcassets */ = {isa = PBXFileReference; lastKnownFileType = folder.assetcatalog; path = Assets.xcassets; sourceTree = "<group>"; };
		2A9AFE5E2ABB376200A77A2C /* Preview Assets.xcassets */ = {isa = PBXFileReference; lastKnownFileType = folder.assetcatalog; path = "Preview Assets.xcassets"; sourceTree = "<group>"; };
		2A9AFE602ABB376200A77A2C /* Spice.entitlements */ = {isa = PBXFileReference; lastKnownFileType = text.plist.entitlements; path = Spice.entitlements; sourceTree = "<group>"; };
		2A9AFE662ABB499500A77A2C /* Localizable.xcstrings */ = {isa = PBXFileReference; lastKnownFileType = text.json.xcstrings; path = Localizable.xcstrings; sourceTree = "<group>"; };
		2A9AFE682ABB71FF00A77A2C /* Info.plist */ = {isa = PBXFileReference; lastKnownFileType = text.plist; path = Info.plist; sourceTree = "<group>"; };
		2A9AFE692ABB79BF00A77A2C /* Shapes.swift */ = {isa = PBXFileReference; lastKnownFileType = sourcecode.swift; path = Shapes.swift; sourceTree = "<group>"; };
/* End PBXFileReference section */

/* Begin PBXFrameworksBuildPhase section */
		2A9AFE4F2ABB376100A77A2C /* Frameworks */ = {
			isa = PBXFrameworksBuildPhase;
			buildActionMask = 2147483647;
			files = (
			);
			runOnlyForDeploymentPostprocessing = 0;
		};
/* End PBXFrameworksBuildPhase section */

/* Begin PBXGroup section */
		2A9AFE492ABB376100A77A2C = {
			isa = PBXGroup;
			children = (
				2A9AFE662ABB499500A77A2C /* Localizable.xcstrings */,
				2A9AFE542ABB376100A77A2C /* Spice */,
				2A9AFE532ABB376100A77A2C /* Products */,
			);
			sourceTree = "<group>";
		};
		2A9AFE532ABB376100A77A2C /* Products */ = {
			isa = PBXGroup;
			children = (
				2A9AFE522ABB376100A77A2C /* Spice.app */,
			);
			name = Products;
			sourceTree = "<group>";
		};
		2A9AFE542ABB376100A77A2C /* Spice */ = {
			isa = PBXGroup;
			children = (
				2A9AFE682ABB71FF00A77A2C /* Info.plist */,
				2A9AFE552ABB376100A77A2C /* SpiceApp.swift */,
				2A9AFE572ABB376100A77A2C /* ContentView.swift */,
				2A49687D2ABDCAB500DBC58B /* ComponentView.swift */,
				2A37A92B2ABF3345009C64CE /* CanvasView.swift */,
				2A9AFE692ABB79BF00A77A2C /* Shapes.swift */,
				2A37A92F2ABF39BC009C64CE /* NoContentView.swift */,
				2A49687F2ABDD81D00DBC58B /* SettingsView.swift */,
				2A37A92D2ABF36FB009C64CE /* OnBoardingView.swift */,
				2A9AFE5B2ABB376200A77A2C /* Assets.xcassets */,
				2A9AFE602ABB376200A77A2C /* Spice.entitlements */,
				2A9AFE5D2ABB376200A77A2C /* Preview Content */,
			);
			path = Spice;
			sourceTree = "<group>";
		};
		2A9AFE5D2ABB376200A77A2C /* Preview Content */ = {
			isa = PBXGroup;
			children = (
				2A9AFE5E2ABB376200A77A2C /* Preview Assets.xcassets */,
			);
			path = "Preview Content";
			sourceTree = "<group>";
		};
/* End PBXGroup section */

/* Begin PBXNativeTarget section */
		2A9AFE512ABB376100A77A2C /* Spice */ = {
			isa = PBXNativeTarget;
			buildConfigurationList = 2A9AFE632ABB376200A77A2C /* Build configuration list for PBXNativeTarget "Spice" */;
			buildPhases = (
				2A9AFE4E2ABB376100A77A2C /* Sources */,
				2A9AFE4F2ABB376100A77A2C /* Frameworks */,
				2A9AFE502ABB376100A77A2C /* Resources */,
			);
			buildRules = (
			);
			dependencies = (
			);
			name = Spice;
			productName = Spice;
			productReference = 2A9AFE522ABB376100A77A2C /* Spice.app */;
			productType = "com.apple.product-type.application";
		};
/* End PBXNativeTarget section */

/* Begin PBXProject section */
		2A9AFE4A2ABB376100A77A2C /* Project object */ = {
			isa = PBXProject;
			attributes = {
				BuildIndependentTargetsInParallel = 1;
				LastSwiftUpdateCheck = 1500;
				LastUpgradeCheck = 1500;
				TargetAttributes = {
					2A9AFE512ABB376100A77A2C = {
						CreatedOnToolsVersion = 15.0;
					};
				};
			};
			buildConfigurationList = 2A9AFE4D2ABB376100A77A2C /* Build configuration list for PBXProject "Spice" */;
			compatibilityVersion = "Xcode 14.0";
			developmentRegion = en;
			hasScannedForEncodings = 0;
			knownRegions = (
				en,
				Base,
				fr,
			);
			mainGroup = 2A9AFE492ABB376100A77A2C;
			productRefGroup = 2A9AFE532ABB376100A77A2C /* Products */;
			projectDirPath = "";
			projectRoot = "";
			targets = (
				2A9AFE512ABB376100A77A2C /* Spice */,
			);
		};
/* End PBXProject section */

/* Begin PBXResourcesBuildPhase section */
		2A9AFE502ABB376100A77A2C /* Resources */ = {
			isa = PBXResourcesBuildPhase;
			buildActionMask = 2147483647;
			files = (
				2A9AFE5F2ABB376200A77A2C /* Preview Assets.xcassets in Resources */,
				2A9AFE5C2ABB376200A77A2C /* Assets.xcassets in Resources */,
				2A9AFE672ABB499500A77A2C /* Localizable.xcstrings in Resources */,
			);
			runOnlyForDeploymentPostprocessing = 0;
		};
/* End PBXResourcesBuildPhase section */

/* Begin PBXSourcesBuildPhase section */
		2A9AFE4E2ABB376100A77A2C /* Sources */ = {
			isa = PBXSourcesBuildPhase;
			buildActionMask = 2147483647;
			files = (
				2A4968802ABDD81D00DBC58B /* SettingsView.swift in Sources */,
				2A37A9302ABF39BC009C64CE /* NoContentView.swift in Sources */,
				2A37A92C2ABF3345009C64CE /* CanvasView.swift in Sources */,
				2A49687E2ABDCAB500DBC58B /* ComponentView.swift in Sources */,
				2A9AFE582ABB376100A77A2C /* ContentView.swift in Sources */,
				2A37A92E2ABF36FB009C64CE /* OnBoardingView.swift in Sources */,
				2A9AFE6A2ABB79BF00A77A2C /* Shapes.swift in Sources */,
				2A9AFE562ABB376100A77A2C /* SpiceApp.swift in Sources */,
			);
			runOnlyForDeploymentPostprocessing = 0;
		};
/* End PBXSourcesBuildPhase section */

/* Begin XCBuildConfiguration section */
		2A9AFE612ABB376200A77A2C /* Debug */ = {
			isa = XCBuildConfiguration;
			buildSettings = {
				ALWAYS_SEARCH_USER_PATHS = NO;
				ASSETCATALOG_COMPILER_GENERATE_SWIFT_ASSET_SYMBOL_EXTENSIONS = YES;
				CLANG_ANALYZER_NONNULL = YES;
				CLANG_ANALYZER_NUMBER_OBJECT_CONVERSION = YES_AGGRESSIVE;
				CLANG_CXX_LANGUAGE_STANDARD = "gnu++20";
				CLANG_ENABLE_MODULES = YES;
				CLANG_ENABLE_OBJC_ARC = YES;
				CLANG_ENABLE_OBJC_WEAK = YES;
				CLANG_WARN_BLOCK_CAPTURE_AUTORELEASING = YES;
				CLANG_WARN_BOOL_CONVERSION = YES;
				CLANG_WARN_COMMA = YES;
				CLANG_WARN_CONSTANT_CONVERSION = YES;
				CLANG_WARN_DEPRECATED_OBJC_IMPLEMENTATIONS = YES;
				CLANG_WARN_DIRECT_OBJC_ISA_USAGE = YES_ERROR;
				CLANG_WARN_DOCUMENTATION_COMMENTS = YES;
				CLANG_WARN_EMPTY_BODY = YES;
				CLANG_WARN_ENUM_CONVERSION = YES;
				CLANG_WARN_INFINITE_RECURSION = YES;
				CLANG_WARN_INT_CONVERSION = YES;
				CLANG_WARN_NON_LITERAL_NULL_CONVERSION = YES;
				CLANG_WARN_OBJC_IMPLICIT_RETAIN_SELF = YES;
				CLANG_WARN_OBJC_LITERAL_CONVERSION = YES;
				CLANG_WARN_OBJC_ROOT_CLASS = YES_ERROR;
				CLANG_WARN_QUOTED_INCLUDE_IN_FRAMEWORK_HEADER = YES;
				CLANG_WARN_RANGE_LOOP_ANALYSIS = YES;
				CLANG_WARN_STRICT_PROTOTYPES = YES;
				CLANG_WARN_SUSPICIOUS_MOVE = YES;
				CLANG_WARN_UNGUARDED_AVAILABILITY = YES_AGGRESSIVE;
				CLANG_WARN_UNREACHABLE_CODE = YES;
				CLANG_WARN__DUPLICATE_METHOD_MATCH = YES;
				COPY_PHASE_STRIP = NO;
				DEBUG_INFORMATION_FORMAT = dwarf;
				ENABLE_STRICT_OBJC_MSGSEND = YES;
				ENABLE_TESTABILITY = YES;
				ENABLE_USER_SCRIPT_SANDBOXING = YES;
				GCC_C_LANGUAGE_STANDARD = gnu17;
				GCC_DYNAMIC_NO_PIC = NO;
				GCC_NO_COMMON_BLOCKS = YES;
				GCC_OPTIMIZATION_LEVEL = 0;
				GCC_PREPROCESSOR_DEFINITIONS = (
					"DEBUG=1",
					"$(inherited)",
				);
				GCC_WARN_64_TO_32_BIT_CONVERSION = YES;
				GCC_WARN_ABOUT_RETURN_TYPE = YES_ERROR;
				GCC_WARN_UNDECLARED_SELECTOR = YES;
				GCC_WARN_UNINITIALIZED_AUTOS = YES_AGGRESSIVE;
				GCC_WARN_UNUSED_FUNCTION = YES;
				GCC_WARN_UNUSED_VARIABLE = YES;
				LOCALIZATION_PREFERS_STRING_CATALOGS = YES;
				MACOSX_DEPLOYMENT_TARGET = 14.0;
				MTL_ENABLE_DEBUG_INFO = INCLUDE_SOURCE;
				MTL_FAST_MATH = YES;
				ONLY_ACTIVE_ARCH = YES;
				SDKROOT = macosx;
				SWIFT_ACTIVE_COMPILATION_CONDITIONS = "DEBUG $(inherited)";
				SWIFT_OPTIMIZATION_LEVEL = "-Onone";
			};
			name = Debug;
		};
		2A9AFE622ABB376200A77A2C /* Release */ = {
			isa = XCBuildConfiguration;
			buildSettings = {
				ALWAYS_SEARCH_USER_PATHS = NO;
				ASSETCATALOG_COMPILER_GENERATE_SWIFT_ASSET_SYMBOL_EXTENSIONS = YES;
				CLANG_ANALYZER_NONNULL = YES;
				CLANG_ANALYZER_NUMBER_OBJECT_CONVERSION = YES_AGGRESSIVE;
				CLANG_CXX_LANGUAGE_STANDARD = "gnu++20";
				CLANG_ENABLE_MODULES = YES;
				CLANG_ENABLE_OBJC_ARC = YES;
				CLANG_ENABLE_OBJC_WEAK = YES;
				CLANG_WARN_BLOCK_CAPTURE_AUTORELEASING = YES;
				CLANG_WARN_BOOL_CONVERSION = YES;
				CLANG_WARN_COMMA = YES;
				CLANG_WARN_CONSTANT_CONVERSION = YES;
				CLANG_WARN_DEPRECATED_OBJC_IMPLEMENTATIONS = YES;
				CLANG_WARN_DIRECT_OBJC_ISA_USAGE = YES_ERROR;
				CLANG_WARN_DOCUMENTATION_COMMENTS = YES;
				CLANG_WARN_EMPTY_BODY = YES;
				CLANG_WARN_ENUM_CONVERSION = YES;
				CLANG_WARN_INFINITE_RECURSION = YES;
				CLANG_WARN_INT_CONVERSION = YES;
				CLANG_WARN_NON_LITERAL_NULL_CONVERSION = YES;
				CLANG_WARN_OBJC_IMPLICIT_RETAIN_SELF = YES;
				CLANG_WARN_OBJC_LITERAL_CONVERSION = YES;
				CLANG_WARN_OBJC_ROOT_CLASS = YES_ERROR;
				CLANG_WARN_QUOTED_INCLUDE_IN_FRAMEWORK_HEADER = YES;
				CLANG_WARN_RANGE_LOOP_ANALYSIS = YES;
				CLANG_WARN_STRICT_PROTOTYPES = YES;
				CLANG_WARN_SUSPICIOUS_MOVE = YES;
				CLANG_WARN_UNGUARDED_AVAILABILITY = YES_AGGRESSIVE;
				CLANG_WARN_UNREACHABLE_CODE = YES;
				CLANG_WARN__DUPLICATE_METHOD_MATCH = YES;
				COPY_PHASE_STRIP = NO;
				DEBUG_INFORMATION_FORMAT = "dwarf-with-dsym";
				ENABLE_NS_ASSERTIONS = NO;
				ENABLE_STRICT_OBJC_MSGSEND = YES;
				ENABLE_USER_SCRIPT_SANDBOXING = YES;
				GCC_C_LANGUAGE_STANDARD = gnu17;
				GCC_NO_COMMON_BLOCKS = YES;
				GCC_WARN_64_TO_32_BIT_CONVERSION = YES;
				GCC_WARN_ABOUT_RETURN_TYPE = YES_ERROR;
				GCC_WARN_UNDECLARED_SELECTOR = YES;
				GCC_WARN_UNINITIALIZED_AUTOS = YES_AGGRESSIVE;
				GCC_WARN_UNUSED_FUNCTION = YES;
				GCC_WARN_UNUSED_VARIABLE = YES;
				LOCALIZATION_PREFERS_STRING_CATALOGS = YES;
				MACOSX_DEPLOYMENT_TARGET = 14.0;
				MTL_ENABLE_DEBUG_INFO = NO;
				MTL_FAST_MATH = YES;
				SDKROOT = macosx;
				SWIFT_COMPILATION_MODE = wholemodule;
			};
			name = Release;
		};
		2A9AFE642ABB376200A77A2C /* Debug */ = {
			isa = XCBuildConfiguration;
			buildSettings = {
				ASSETCATALOG_COMPILER_APPICON_NAME = AppIcon;
				ASSETCATALOG_COMPILER_GLOBAL_ACCENT_COLOR_NAME = AccentColor;
				ASSETCATALOG_COMPILER_INCLUDE_ALL_APPICON_ASSETS = YES;
				CODE_SIGN_ENTITLEMENTS = Spice/Spice.entitlements;
				CODE_SIGN_STYLE = Automatic;
				COMBINE_HIDPI_IMAGES = YES;
				CURRENT_PROJECT_VERSION = 49;
				DEVELOPMENT_ASSET_PATHS = "\"Spice/Preview Content\"";
				DEVELOPMENT_TEAM = N2L3268M2F;
				ENABLE_HARDENED_RUNTIME = YES;
				ENABLE_PREVIEWS = YES;
				GENERATE_INFOPLIST_FILE = YES;
				INFOPLIST_FILE = Spice/Info.plist;
				INFOPLIST_KEY_CFBundleDisplayName = Spice;
				INFOPLIST_KEY_LSApplicationCategoryType = "public.app-category.productivity";
				INFOPLIST_KEY_NSHumanReadableCopyright = "SPICE IS AN OPEN-SOURCE SOFTWARE DISTRIBUTED UNDER THE GPL-3.0 LICENSE";
				LD_RUNPATH_SEARCH_PATHS = (
					"$(inherited)",
					"@executable_path/../Frameworks",
				);
				MACOSX_DEPLOYMENT_TARGET = 14.0;
				MARKETING_VERSION = 1.1;
				PRODUCT_BUNDLE_IDENTIFIER = com.louisgrange.Spice;
				PRODUCT_NAME = "$(TARGET_NAME)";
				SWIFT_EMIT_LOC_STRINGS = YES;
				SWIFT_VERSION = 5.0;
			};
			name = Debug;
		};
		2A9AFE652ABB376200A77A2C /* Release */ = {
			isa = XCBuildConfiguration;
			buildSettings = {
				ASSETCATALOG_COMPILER_APPICON_NAME = AppIcon;
				ASSETCATALOG_COMPILER_GLOBAL_ACCENT_COLOR_NAME = AccentColor;
				ASSETCATALOG_COMPILER_INCLUDE_ALL_APPICON_ASSETS = YES;
				CODE_SIGN_ENTITLEMENTS = Spice/Spice.entitlements;
				CODE_SIGN_STYLE = Automatic;
				COMBINE_HIDPI_IMAGES = YES;
				CURRENT_PROJECT_VERSION = 49;
				DEVELOPMENT_ASSET_PATHS = "\"Spice/Preview Content\"";
				DEVELOPMENT_TEAM = N2L3268M2F;
				ENABLE_HARDENED_RUNTIME = YES;
				ENABLE_PREVIEWS = YES;
				GENERATE_INFOPLIST_FILE = YES;
				INFOPLIST_FILE = Spice/Info.plist;
				INFOPLIST_KEY_CFBundleDisplayName = Spice;
				INFOPLIST_KEY_LSApplicationCategoryType = "public.app-category.productivity";
				INFOPLIST_KEY_NSHumanReadableCopyright = "SPICE IS AN OPEN-SOURCE SOFTWARE DISTRIBUTED UNDER THE GPL-3.0 LICENSE";
				LD_RUNPATH_SEARCH_PATHS = (
					"$(inherited)",
					"@executable_path/../Frameworks",
				);
				MACOSX_DEPLOYMENT_TARGET = 14.0;
				MARKETING_VERSION = 1.1;
				PRODUCT_BUNDLE_IDENTIFIER = com.louisgrange.Spice;
				PRODUCT_NAME = "$(TARGET_NAME)";
				SWIFT_EMIT_LOC_STRINGS = YES;
				SWIFT_VERSION = 5.0;
			};
			name = Release;
		};
/* End XCBuildConfiguration section */

/* Begin XCConfigurationList section */
		2A9AFE4D2ABB376100A77A2C /* Build configuration list for PBXProject "Spice" */ = {
			isa = XCConfigurationList;
			buildConfigurations = (
				2A9AFE612ABB376200A77A2C /* Debug */,
				2A9AFE622ABB376200A77A2C /* Release */,
			);
			defaultConfigurationIsVisible = 0;
			defaultConfigurationName = Release;
		};
		2A9AFE632ABB376200A77A2C /* Build configuration list for PBXNativeTarget "Spice" */ = {
			isa = XCConfigurationList;
			buildConfigurations = (
				2A9AFE642ABB376200A77A2C /* Debug */,
				2A9AFE652ABB376200A77A2C /* Release */,
			);
			defaultConfigurationIsVisible = 0;
			defaultConfigurationName = Release;
		};
/* End XCConfigurationList section */
	};
	rootObject = 2A9AFE4A2ABB376100A77A2C /* Project object */;
}
